# THIS IS AN AUTOGENERATED FILE. DO NOT EDIT THIS FILE DIRECTLY.
# yarn lockfile v1

ansi-regex@^5.0.1:
  version "5.0.1"
  resolved "https://registry.yarnpkg.com/ansi-regex/-/ansi-regex-5.0.1.tgz#6d60c366cc66eabfc64f94d5d4e1dd0103c05186"
  integrity sha512-KS+VRh+mDLMvV2rpsdFTVBKC6T7FmzPRuOAnvmezD9unfbPaGUeNyzdJKQRZ1OhWHIQFZCvugM1VtbPI67zt3w==

# Other dependencies...

react@^17.0.2:
  version "17.0.2"
  resolved "https://registry.yarnpkg.com/react/-/react-17.0.2.tgz"
  integrity sha512-2xje1Hz7o9sM/47soKT+gSoXn8hMgH2tA4+6ldKRV0pQ0inwGUCpXhkh1v6UMNecVD2SOElHzkS3Bptwtp2myA==

react-dom@^17.0.2:
  version "17.0.2"
  resolved "https://registry.yarnpkg.com/react-dom/-/react-dom-17.0.2.tgz"
  integrity sha512-jF7R4BlvY4Rcz5DsbGVHlEN3w1O/v9dgEHd3jE6zhzfcYA4CmduL+/kxsxcPtP44SN0C3jdptV00oefWIZwG8A==

# Other dependencies...

